{
  "version": 4,
  "terraform_version": "1.3.9",
  "serial": 4,
  "lineage": "3894f733-8ff6-f454-878a-8b72fe718899",
  "outputs": {
    "res": {
      "value": 49,
      "type": "number"
    }
  },
  "resources": [
    {
      "mode": "managed",
      "type": "random_integer",
      "name": "rint",
      "provider": "provider[\"registry.terraform.io/hashicorp/random\"]",
      "instances": [
        {
          "schema_version": 0,
          "attributes": {
            "id": "49",
            "keepers": null,
            "max": 70,
            "min": 20,
            "result": 49,
            "seed": null
          },
          "sensitive_attributes": []
        }
      ]
    }
  ],
  "check_results": null
}
